{
  "meteor": {},
  "dependencies": {
    "basePackages": {
      "font-awesome": {},
      "sass": {}
    },
    "packages": {
      "font-awesome": {
        "git": "https://github.com/nate-strauser/meteor-font-awesome.git",
        "tag": "v4.1.0",
        "commit": "ce6b1e92715d1938babc5d69c655c17e387f5926"
      },
      "sass": {
        "git": "https://github.com/particle4dev/meteor-sass.git",
        "tag": "v0.1.7",
        "commit": "b41757f87475186b1485ec54a819d6e027ee3d88"
      }
    }
  }
}
